
Microsoft Visual Studio Solution File, Format Version 12.00
# Visual Studio Version 17
VisualStudioVersion = 17.10.35027.167
MinimumVisualStudioVersion = 10.0.40219.1
Project("{FAE04EC0-301F-11D3-BF4B-00C04F79EFBC}") = "CoffeeShop", "CoffeeShop\CoffeeShop.csproj", "{D6D2A9C5-B495-40C3-9C8F-2B74CE95C720}"
EndProject
Global
	GlobalSection(SolutionConfigurationPlatforms) = preSolution
		Debug|Any CPU = Debug|Any CPU
		Release|Any CPU = Release|Any CPU
	EndGlobalSection
	GlobalSection(ProjectConfigurationPlatforms) = postSolution
		{D6D2A9C5-B495-40C3-9C8F-2B74CE95C720}.Debug|Any CPU.ActiveCfg = Debug|Any CPU
		{D6D2A9C5-B495-40C3-9C8F-2B74CE95C720}.Debug|Any CPU.Build.0 = Debug|Any CPU
		{D6D2A9C5-B495-40C3-9C8F-2B74CE95C720}.Release|Any CPU.ActiveCfg = Release|Any CPU
		{D6D2A9C5-B495-40C3-9C8F-2B74CE95C720}.Release|Any CPU.Build.0 = Release|Any CPU
	EndGlobalSection
	GlobalSection(SolutionProperties) = preSolution
		HideSolutionNode = FALSE
	EndGlobalSection
	GlobalSection(ExtensibilityGlobals) = postSolution
		SolutionGuid = {BAA37A6D-47B1-47A1-A573-B58209E10F64}
	EndGlobalSection
EndGlobal
